
Microsoft Visual Studio Solution File, Format Version 12.00
# Visual Studio Version 17
VisualStudioVersion = 17.2.32630.192
MinimumVisualStudioVersion = 10.0.40219.1
Project("{9A19103F-16F7-4668-BE54-9A1E7A4F7556}") = "SwiftTools.Parser", "SwiftTools.Parser\SwiftTools.Parser.csproj", "{2A1532DB-1F54-4FB6-9F82-59669022C6E7}"
EndProject
Project("{9A19103F-16F7-4668-BE54-9A1E7A4F7556}") = "SwiftTools.Model", "SwiftTools.Model\SwiftTools.Model.csproj", "{104BBDD6-B9CD-4FCE-B0EC-61794F74C33E}"
EndProject
Project("{9A19103F-16F7-4668-BE54-9A1E7A4F7556}") = "SwiftTools.WebApi", "SwiftTools.WebApi\SwiftTools.WebApi.csproj", "{DC324955-9498-41AB-B601-2DCC87B623D9}"
EndProject
Project("{9A19103F-16F7-4668-BE54-9A1E7A4F7556}") = "SwiftTools.Tests", "SwiftTools.Tests\SwiftTools.Tests.csproj", "{8D283C6C-08E9-445D-B8BF-2279D0A2BBF2}"
EndProject
Global
	GlobalSection(SolutionConfigurationPlatforms) = preSolution
		Debug|Any CPU = Debug|Any CPU
		Release|Any CPU = Release|Any CPU
	EndGlobalSection
	GlobalSection(ProjectConfigurationPlatforms) = postSolution
		{2A1532DB-1F54-4FB6-9F82-59669022C6E7}.Debug|Any CPU.ActiveCfg = Debug|Any CPU
		{2A1532DB-1F54-4FB6-9F82-59669022C6E7}.Debug|Any CPU.Build.0 = Debug|Any CPU
		{2A1532DB-1F54-4FB6-9F82-59669022C6E7}.Release|Any CPU.ActiveCfg = Release|Any CPU
		{2A1532DB-1F54-4FB6-9F82-59669022C6E7}.Release|Any CPU.Build.0 = Release|Any CPU
		{104BBDD6-B9CD-4FCE-B0EC-61794F74C33E}.Debug|Any CPU.ActiveCfg = Debug|Any CPU
		{104BBDD6-B9CD-4FCE-B0EC-61794F74C33E}.Debug|Any CPU.Build.0 = Debug|Any CPU
		{104BBDD6-B9CD-4FCE-B0EC-61794F74C33E}.Release|Any CPU.ActiveCfg = Release|Any CPU
		{104BBDD6-B9CD-4FCE-B0EC-61794F74C33E}.Release|Any CPU.Build.0 = Release|Any CPU
		{DC324955-9498-41AB-B601-2DCC87B623D9}.Debug|Any CPU.ActiveCfg = Debug|Any CPU
		{DC324955-9498-41AB-B601-2DCC87B623D9}.Debug|Any CPU.Build.0 = Debug|Any CPU
		{DC324955-9498-41AB-B601-2DCC87B623D9}.Release|Any CPU.ActiveCfg = Release|Any CPU
		{DC324955-9498-41AB-B601-2DCC87B623D9}.Release|Any CPU.Build.0 = Release|Any CPU
		{8D283C6C-08E9-445D-B8BF-2279D0A2BBF2}.Debug|Any CPU.ActiveCfg = Debug|Any CPU
		{8D283C6C-08E9-445D-B8BF-2279D0A2BBF2}.Debug|Any CPU.Build.0 = Debug|Any CPU
		{8D283C6C-08E9-445D-B8BF-2279D0A2BBF2}.Release|Any CPU.ActiveCfg = Release|Any CPU
		{8D283C6C-08E9-445D-B8BF-2279D0A2BBF2}.Release|Any CPU.Build.0 = Release|Any CPU
	EndGlobalSection
	GlobalSection(SolutionProperties) = preSolution
		HideSolutionNode = FALSE
	EndGlobalSection
	GlobalSection(ExtensibilityGlobals) = postSolution
		SolutionGuid = {65AD8A97-FE22-4725-A493-98790A1980AF}
	EndGlobalSection
EndGlobal
